
Microsoft Visual Studio Solution File, Format Version 12.00
# Visual Studio 2012
Project("{FAE04EC0-301F-11D3-BF4B-00C04F79EFBC}") = "PowerCollections", "PowerCollections\PowerCollections.csproj", "{5821977D-AC2C-4912-BCD0-6E6B1A756167}"
EndProject
Project("{FAE04EC0-301F-11D3-BF4B-00C04F79EFBC}") = "PowerCollections.PCL", "PowerCollections.PCL\PowerCollections.PCL.csproj", "{FC636152-85B4-4643-AFAF-E399559994BA}"
EndProject
Global
	GlobalSection(SolutionConfigurationPlatforms) = preSolution
		Debug|Any CPU = Debug|Any CPU
		Release|Any CPU = Release|Any CPU
	EndGlobalSection
	GlobalSection(ProjectConfigurationPlatforms) = postSolution
		{5821977D-AC2C-4912-BCD0-6E6B1A756167}.Debug|Any CPU.ActiveCfg = Debug|Any CPU
		{5821977D-AC2C-4912-BCD0-6E6B1A756167}.Debug|Any CPU.Build.0 = Debug|Any CPU
		{5821977D-AC2C-4912-BCD0-6E6B1A756167}.Release|Any CPU.ActiveCfg = Release|Any CPU
		{5821977D-AC2C-4912-BCD0-6E6B1A756167}.Release|Any CPU.Build.0 = Release|Any CPU
		{FC636152-85B4-4643-AFAF-E399559994BA}.Debug|Any CPU.ActiveCfg = Debug|Any CPU
		{FC636152-85B4-4643-AFAF-E399559994BA}.Debug|Any CPU.Build.0 = Debug|Any CPU
		{FC636152-85B4-4643-AFAF-E399559994BA}.Release|Any CPU.ActiveCfg = Release|Any CPU
		{FC636152-85B4-4643-AFAF-E399559994BA}.Release|Any CPU.Build.0 = Release|Any CPU
	EndGlobalSection
	GlobalSection(SolutionProperties) = preSolution
		HideSolutionNode = FALSE
	EndGlobalSection
EndGlobal
